// !$*UTF8*$!
{
	archiveVersion = 1;
	classes = {
	};
	objectVersion = 46;
	objects = {

/* Begin PBXBuildFile section */
		A80A8BDB1CA55D3C004DE385 /* AppDelegate.swift in Sources */ = {isa = PBXBuildFile; fileRef = A80A8BDA1CA55D3C004DE385 /* AppDelegate.swift */; };
		A80A8BDD1CA55D3C004DE385 /* ViewController.swift in Sources */ = {isa = PBXBuildFile; fileRef = A80A8BDC1CA55D3C004DE385 /* ViewController.swift */; };
		A80A8BE01CA55D3C004DE385 /* Main.storyboard in Resources */ = {isa = PBXBuildFile; fileRef = A80A8BDE1CA55D3C004DE385 /* Main.storyboard */; };
		A80A8BE21CA55D3C004DE385 /* Assets.xcassets in Resources */ = {isa = PBXBuildFile; fileRef = A80A8BE11CA55D3C004DE385 /* Assets.xcassets */; };
		A80A8BE51CA55D3C004DE385 /* LaunchScreen.storyboard in Resources */ = {isa = PBXBuildFile; fileRef = A80A8BE31CA55D3C004DE385 /* LaunchScreen.storyboard */; };
/* End PBXBuildFile section */

/* Begin PBXFileReference section */
		A80A8BD71CA55D3C004DE385 /* SwiftChat.app */ = {isa = PBXFileReference; explicitFileType = wrapper.application; includeInIndex = 0; path = SwiftChat.app; sourceTree = BUILT_PRODUCTS_DIR; };
		A80A8BDA1CA55D3C004DE385 /* AppDelegate.swift */ = {isa = PBXFileReference; lastKnownFileType = sourcecode.swift; path = AppDelegate.swift; sourceTree = "<group>"; };
		A80A8BDC1CA55D3C004DE385 /* ViewController.swift */ = {isa = PBXFileReference; lastKnownFileType = sourcecode.swift; path = ViewController.swift; sourceTree = "<group>"; };
		A80A8BDF1CA55D3C004DE385 /* Base */ = {isa = PBXFileReference; lastKnownFileType = file.storyboard; name = Base; path = Base.lproj/Main.storyboard; sourceTree = "<group>"; };
		A80A8BE11CA55D3C004DE385 /* Assets.xcassets */ = {isa = PBXFileReference; lastKnownFileType = folder.assetcatalog; path = Assets.xcassets; sourceTree = "<group>"; };
		A80A8BE41CA55D3C004DE385 /* Base */ = {isa = PBXFileReference; lastKnownFileType = file.storyboard; name = Base; path = Base.lproj/LaunchScreen.storyboard; sourceTree = "<group>"; };
		A80A8BE61CA55D3C004DE385 /* Info.plist */ = {isa = PBXFileReference; lastKnownFileType = text.plist.xml; path = Info.plist; sourceTree = "<group>"; };
/* End PBXFileReference section */

/* Begin PBXFrameworksBuildPhase section */
		A80A8BD41CA55D3C004DE385 /* Frameworks */ = {
			isa = PBXFrameworksBuildPhase;
			buildActionMask = 2147483647;
			files = (
			);
			runOnlyForDeploymentPostprocessing = 0;
		};
/* End PBXFrameworksBuildPhase section */

/* Begin PBXGroup section */
		A80A8BCE1CA55D3B004DE385 = {
			isa = PBXGroup;
			children = (
				A80A8BD91CA55D3C004DE385 /* SwiftChat */,
				A80A8BD81CA55D3C004DE385 /* Products */,
			);
			sourceTree = "<group>";
		};
		A80A8BD81CA55D3C004DE385 /* Products */ = {
			isa = PBXGroup;
			children = (
				A80A8BD71CA55D3C004DE385 /* SwiftChat.app */,
			);
			name = Products;
			sourceTree = "<group>";
		};
		A80A8BD91CA55D3C004DE385 /* SwiftChat */ = {
			isa = PBXGroup;
			children = (
				A80A8BDA1CA55D3C004DE385 /* AppDelegate.swift */,
				A80A8BDC1CA55D3C004DE385 /* ViewController.swift */,
				A80A8BDE1CA55D3C004DE385 /* Main.storyboard */,
				A80A8BE11CA55D3C004DE385 /* Assets.xcassets */,
				A80A8BE31CA55D3C004DE385 /* LaunchScreen.storyboard */,
				A80A8BE61CA55D3C004DE385 /* Info.plist */,
			);
			path = SwiftChat;
			sourceTree = "<group>";
		};
/* End PBXGroup section */

/* Begin PBXNativeTarget section */
		A80A8BD61CA55D3C004DE385 /* SwiftChat */ = {
			isa = PBXNativeTarget;
			buildConfigurationList = A80A8BE91CA55D3C004DE385 /* Build configuration list for PBXNativeTarget "SwiftChat" */;
			buildPhases = (
				A80A8BD31CA55D3C004DE385 /* Sources */,
				A80A8BD41CA55D3C004DE385 /* Frameworks */,
				A80A8BD51CA55D3C004DE385 /* Resources */,
			);
			buildRules = (
			);
			dependencies = (
			);
			name = SwiftChat;
			productName = SwiftChat;
			productReference = A80A8BD71CA55D3C004DE385 /* SwiftChat.app */;
			productType = "com.apple.product-type.application";
		};
/* End PBXNativeTarget section */

/* Begin PBXProject section */
		A80A8BCF1CA55D3B004DE385 /* Project object */ = {
			isa = PBXProject;
			attributes = {
				LastSwiftUpdateCheck = 0730;
				LastUpgradeCheck = 0730;
				ORGANIZATIONNAME = Alexandr;
				TargetAttributes = {
					A80A8BD61CA55D3C004DE385 = {
						CreatedOnToolsVersion = 7.3;
						DevelopmentTeam = 3M69Q4BX5B;
					};
				};
			};
			buildConfigurationList = A80A8BD21CA55D3B004DE385 /* Build configuration list for PBXProject "SwiftChat" */;
			compatibilityVersion = "Xcode 3.2";
			developmentRegion = English;
			hasScannedForEncodings = 0;
			knownRegions = (
				en,
				Base,
			);
			mainGroup = A80A8BCE1CA55D3B004DE385;
			productRefGroup = A80A8BD81CA55D3C004DE385 /* Products */;
			projectDirPath = "";
			projectRoot = "";
			targets = (
				A80A8BD61CA55D3C004DE385 /* SwiftChat */,
			);
		};
/* End PBXProject section */

/* Begin PBXResourcesBuildPhase section */
		A80A8BD51CA55D3C004DE385 /* Resources */ = {
			isa = PBXResourcesBuildPhase;
			buildActionMask = 2147483647;
			files = (
				A80A8BE51CA55D3C004DE385 /* LaunchScreen.storyboard in Resources */,
				A80A8BE21CA55D3C004DE385 /* Assets.xcassets in Resources */,
				A80A8BE01CA55D3C004DE385 /* Main.storyboard in Resources */,
			);
			runOnlyForDeploymentPostprocessing = 0;
		};
/* End PBXResourcesBuildPhase section */

/* Begin PBXSourcesBuildPhase section */
		A80A8BD31CA55D3C004DE385 /* Sources */ = {
			isa = PBXSourcesBuildPhase;
			buildActionMask = 2147483647;
			files = (
				A80A8BDD1CA55D3C004DE385 /* ViewController.swift in Sources */,
				A80A8BDB1CA55D3C004DE385 /* AppDelegate.swift in Sources */,
			);
			runOnlyForDeploymentPostprocessing = 0;
		};
/* End PBXSourcesBuildPhase section */

/* Begin PBXVariantGroup section */
		A80A8BDE1CA55D3C004DE385 /* Main.storyboard */ = {
			isa = PBXVariantGroup;
			children = (
				A80A8BDF1CA55D3C004DE385 /* Base */,
			);
			name = Main.storyboard;
			sourceTree = "<group>";
		};
		A80A8BE31CA55D3C004DE385 /* LaunchScreen.storyboard */ = {
			isa = PBXVariantGroup;
			children = (
				A80A8BE41CA55D3C004DE385 /* Base */,
			);
			name = LaunchScreen.storyboard;
			sourceTree = "<group>";
		};
/* End PBXVariantGroup section */

/* Begin XCBuildConfiguration section */
		A80A8BE71CA55D3C004DE385 /* Debug */ = {
			isa = XCBuildConfiguration;
			buildSettings = {
				ALWAYS_SEARCH_USER_PATHS = NO;
				CLANG_ANALYZER_NONNULL = YES;
				CLANG_CXX_LANGUAGE_STANDARD = "gnu++0x";
				CLANG_CXX_LIBRARY = "libc++";
				CLANG_ENABLE_MODULES = YES;
				CLANG_ENABLE_OBJC_ARC = YES;
				CLANG_WARN_BOOL_CONVERSION = YES;
				CLANG_WARN_CONSTANT_CONVERSION = YES;
				CLANG_WARN_DIRECT_OBJC_ISA_USAGE = YES_ERROR;
				CLANG_WARN_EMPTY_BODY = YES;
				CLANG_WARN_ENUM_CONVERSION = YES;
				CLANG_WARN_INT_CONVERSION = YES;
				CLANG_WARN_OBJC_ROOT_CLASS = YES_ERROR;
				CLANG_WARN_UNREACHABLE_CODE = YES;
				CLANG_WARN__DUPLICATE_METHOD_MATCH = YES;
				"CODE_SIGN_IDENTITY[sdk=iphoneos*]" = "iPhone Developer";
				COPY_PHASE_STRIP = NO;
				DEBUG_INFORMATION_FORMAT = dwarf;
				ENABLE_STRICT_OBJC_MSGSEND = YES;
				ENABLE_TESTABILITY = YES;
				GCC_C_LANGUAGE_STANDARD = gnu99;
				GCC_DYNAMIC_NO_PIC = NO;
				GCC_NO_COMMON_BLOCKS = YES;
				GCC_OPTIMIZATION_LEVEL = 0;
				GCC_PREPROCESSOR_DEFINITIONS = (
					"DEBUG=1",
					"$(inherited)",
				);
				GCC_WARN_64_TO_32_BIT_CONVERSION = YES;
				GCC_WARN_ABOUT_RETURN_TYPE = YES_ERROR;
				GCC_WARN_UNDECLARED_SELECTOR = YES;
				GCC_WARN_UNINITIALIZED_AUTOS = YES_AGGRESSIVE;
				GCC_WARN_UNUSED_FUNCTION = YES;
				GCC_WARN_UNUSED_VARIABLE = YES;
				IPHONEOS_DEPLOYMENT_TARGET = 9.3;
				MTL_ENABLE_DEBUG_INFO = YES;
				ONLY_ACTIVE_ARCH = YES;
				SDKROOT = iphoneos;
				SWIFT_OPTIMIZATION_LEVEL = "-Onone";
			};
			name = Debug;
		};
		A80A8BE81CA55D3C004DE385 /* Release */ = {
			isa = XCBuildConfiguration;
			buildSettings = {
				ALWAYS_SEARCH_USER_PATHS = NO;
				CLANG_ANALYZER_NONNULL = YES;
				CLANG_CXX_LANGUAGE_STANDARD = "gnu++0x";
				CLANG_CXX_LIBRARY = "libc++";
				CLANG_ENABLE_MODULES = YES;
				CLANG_ENABLE_OBJC_ARC = YES;
				CLANG_WARN_BOOL_CONVERSION = YES;
				CLANG_WARN_CONSTANT_CONVERSION = YES;
				CLANG_WARN_DIRECT_OBJC_ISA_USAGE = YES_ERROR;
				CLANG_WARN_EMPTY_BODY = YES;
				CLANG_WARN_ENUM_CONVERSION = YES;
				CLANG_WARN_INT_CONVERSION = YES;
				CLANG_WARN_OBJC_ROOT_CLASS = YES_ERROR;
				CLANG_WARN_UNREACHABLE_CODE = YES;
				CLANG_WARN__DUPLICATE_METHOD_MATCH = YES;
				"CODE_SIGN_IDENTITY[sdk=iphoneos*]" = "iPhone Developer";
				COPY_PHASE_STRIP = NO;
				DEBUG_INFORMATION_FORMAT = "dwarf-with-dsym";
				ENABLE_NS_ASSERTIONS = NO;
				ENABLE_STRICT_OBJC_MSGSEND = YES;
				GCC_C_LANGUAGE_STANDARD = gnu99;
				GCC_NO_COMMON_BLOCKS = YES;
				GCC_WARN_64_TO_32_BIT_CONVERSION = YES;
				GCC_WARN_ABOUT_RETURN_TYPE = YES_ERROR;
				GCC_WARN_UNDECLARED_SELECTOR = YES;
				GCC_WARN_UNINITIALIZED_AUTOS = YES_AGGRESSIVE;
				GCC_WARN_UNUSED_FUNCTION = YES;
				GCC_WARN_UNUSED_VARIABLE = YES;
				IPHONEOS_DEPLOYMENT_TARGET = 9.3;
				MTL_ENABLE_DEBUG_INFO = NO;
				SDKROOT = iphoneos;
				VALIDATE_PRODUCT = YES;
			};
			name = Release;
		};
		A80A8BEA1CA55D3C004DE385 /* Debug */ = {
			isa = XCBuildConfiguration;
			buildSettings = {
				ASSETCATALOG_COMPILER_APPICON_NAME = AppIcon;
				INFOPLIST_FILE = SwiftChat/Info.plist;
				LD_RUNPATH_SEARCH_PATHS = "$(inherited) @executable_path/Frameworks";
				PRODUCT_BUNDLE_IDENTIFIER = by.Alexandr.SwiftChat;
				PRODUCT_NAME = "$(TARGET_NAME)";
			};
			name = Debug;
		};
		A80A8BEB1CA55D3C004DE385 /* Release */ = {
			isa = XCBuildConfiguration;
			buildSettings = {
				ASSETCATALOG_COMPILER_APPICON_NAME = AppIcon;
				INFOPLIST_FILE = SwiftChat/Info.plist;
				LD_RUNPATH_SEARCH_PATHS = "$(inherited) @executable_path/Frameworks";
				PRODUCT_BUNDLE_IDENTIFIER = by.Alexandr.SwiftChat;
				PRODUCT_NAME = "$(TARGET_NAME)";
			};
			name = Release;
		};
/* End XCBuildConfiguration section */

/* Begin XCConfigurationList section */
		A80A8BD21CA55D3B004DE385 /* Build configuration list for PBXProject "SwiftChat" */ = {
			isa = XCConfigurationList;
			buildConfigurations = (
				A80A8BE71CA55D3C004DE385 /* Debug */,
				A80A8BE81CA55D3C004DE385 /* Release */,
			);
			defaultConfigurationIsVisible = 0;
			defaultConfigurationName = Release;
		};
		A80A8BE91CA55D3C004DE385 /* Build configuration list for PBXNativeTarget "SwiftChat" */ = {
			isa = XCConfigurationList;
			buildConfigurations = (
				A80A8BEA1CA55D3C004DE385 /* Debug */,
				A80A8BEB1CA55D3C004DE385 /* Release */,
			);
			defaultConfigurationIsVisible = 0;
		};
/* End XCConfigurationList section */
	};
	rootObject = A80A8BCF1CA55D3B004DE385 /* Project object */;
}
